// !$*UTF8*$!
{
	archiveVersion = 1;
	classes = {
	};
	objectVersion = 55;
	objects = {

/* Begin PBXBuildFile section */
		E2370EE227F833E4009AE6ED /* WebKit.framework in Frameworks */ = {isa = PBXBuildFile; fileRef = E2370EE127F833E4009AE6ED /* WebKit.framework */; };
		E2370EE427F833FE009AE6ED /* Security.framework in Frameworks */ = {isa = PBXBuildFile; fileRef = E2370EE327F833FE009AE6ED /* Security.framework */; };
		E25B849127EDB1630002B013 /* BallMachine.html in Resources */ = {isa = PBXBuildFile; fileRef = E25B849027EDB1630002B013 /* BallMachine.html */; };
		E26EB3FB27C3790900375BDA /* VersionUpdateManager.m in Sources */ = {isa = PBXBuildFile; fileRef = E26EB3F927C3790800375BDA /* VersionUpdateManager.m */; };
		E26EB3FF27C37A3D00375BDA /* otherTool.m in Sources */ = {isa = PBXBuildFile; fileRef = E26EB3FE27C37A3D00375BDA /* otherTool.m */; };
		E26EB42327C383F600375BDA /* AFURLResponseSerialization.m in Sources */ = {isa = PBXBuildFile; fileRef = E26EB40527C383F600375BDA /* AFURLResponseSerialization.m */; };
		E26EB42427C383F600375BDA /* AFHTTPSessionManager.m in Sources */ = {isa = PBXBuildFile; fileRef = E26EB40627C383F600375BDA /* AFHTTPSessionManager.m */; };
		E26EB42527C383F600375BDA /* AFURLSessionManager.m in Sources */ = {isa = PBXBuildFile; fileRef = E26EB40827C383F600375BDA /* AFURLSessionManager.m */; };
		E26EB42627C383F600375BDA /* AFURLRequestSerialization.m in Sources */ = {isa = PBXBuildFile; fileRef = E26EB40927C383F600375BDA /* AFURLRequestSerialization.m */; };
		E26EB42727C383F600375BDA /* AFNetworkReachabilityManager.m in Sources */ = {isa = PBXBuildFile; fileRef = E26EB40B27C383F600375BDA /* AFNetworkReachabilityManager.m */; };
		E26EB42827C383F600375BDA /* AFSecurityPolicy.m in Sources */ = {isa = PBXBuildFile; fileRef = E26EB40C27C383F600375BDA /* AFSecurityPolicy.m */; };
		E26EB42927C383F600375BDA /* UIProgressView+AFNetworking.m in Sources */ = {isa = PBXBuildFile; fileRef = E26EB40F27C383F600375BDA /* UIProgressView+AFNetworking.m */; };
		E26EB42A27C383F600375BDA /* UIRefreshControl+AFNetworking.m in Sources */ = {isa = PBXBuildFile; fileRef = E26EB41127C383F600375BDA /* UIRefreshControl+AFNetworking.m */; };
		E26EB42B27C383F600375BDA /* AFNetworkActivityIndicatorManager.m in Sources */ = {isa = PBXBuildFile; fileRef = E26EB41427C383F600375BDA /* AFNetworkActivityIndicatorManager.m */; };
		E26EB42C27C383F600375BDA /* WKWebView+AFNetworking.m in Sources */ = {isa = PBXBuildFile; fileRef = E26EB41727C383F600375BDA /* WKWebView+AFNetworking.m */; };
		E26EB42D27C383F600375BDA /* UIImageView+AFNetworking.m in Sources */ = {isa = PBXBuildFile; fileRef = E26EB41927C383F600375BDA /* UIImageView+AFNetworking.m */; };
		E26EB42E27C383F600375BDA /* UIButton+AFNetworking.m in Sources */ = {isa = PBXBuildFile; fileRef = E26EB41C27C383F600375BDA /* UIButton+AFNetworking.m */; };
		E26EB42F27C383F600375BDA /* UIActivityIndicatorView+AFNetworking.m in Sources */ = {isa = PBXBuildFile; fileRef = E26EB41D27C383F600375BDA /* UIActivityIndicatorView+AFNetworking.m */; };
		E26EB43027C383F600375BDA /* AFAutoPurgingImageCache.m in Sources */ = {isa = PBXBuildFile; fileRef = E26EB41E27C383F600375BDA /* AFAutoPurgingImageCache.m */; };
		E26EB43127C383F600375BDA /* AFImageDownloader.m in Sources */ = {isa = PBXBuildFile; fileRef = E26EB42027C383F600375BDA /* AFImageDownloader.m */; };
		E26EB43427C3845500375BDA /* UpdateManagerRequest.m in Sources */ = {isa = PBXBuildFile; fileRef = E26EB43327C3845500375BDA /* UpdateManagerRequest.m */; };
		E26EB43627C384F400375BDA /* UIKit.framework in Frameworks */ = {isa = PBXBuildFile; fileRef = E26EB43527C384F400375BDA /* UIKit.framework */; };
		E26EB43927C385EA00375BDA /* CSIIRequestManager.m in Sources */ = {isa = PBXBuildFile; fileRef = E26EB43827C385EA00375BDA /* CSIIRequestManager.m */; };
		E27A291B283B27F1004AEAB9 /* CSIIJSBridge.framework in Frameworks */ = {isa = PBXBuildFile; fileRef = E2E2C28128057EBE00CDA97B /* CSIIJSBridge.framework */; };
		E28CB95E286ED2FB00453520 /* Assets.xcassets in Resources */ = {isa = PBXBuildFile; fileRef = E28CB94D286ED2FB00453520 /* Assets.xcassets */; };
		E28CB95F286ED2FB00453520 /* Assets.xcassets in Resources */ = {isa = PBXBuildFile; fileRef = E28CB94D286ED2FB00453520 /* Assets.xcassets */; };
		E2AFB809283377DC003D160A /* EnvironmentChange.m in Sources */ = {isa = PBXBuildFile; fileRef = E2AFB808283377DC003D160A /* EnvironmentChange.m */; };
		E2AFB80C283393D3003D160A /* LaunchScreen.m in Sources */ = {isa = PBXBuildFile; fileRef = E2AFB80B283393D3003D160A /* LaunchScreen.m */; };
		E2AFB81428339957003D160A /* WHToastConfig.m in Sources */ = {isa = PBXBuildFile; fileRef = E2AFB81128339957003D160A /* WHToastConfig.m */; };
		E2AFB81528339957003D160A /* WHToastView.m in Sources */ = {isa = PBXBuildFile; fileRef = E2AFB81228339957003D160A /* WHToastView.m */; };
		E2AFB81628339957003D160A /* WHToast.m in Sources */ = {isa = PBXBuildFile; fileRef = E2AFB81328339957003D160A /* WHToast.m */; };
		E2E2F424277EEBAF005F7644 /* AppDelegate.m in Sources */ = {isa = PBXBuildFile; fileRef = E2E2F423277EEBAF005F7644 /* AppDelegate.m */; };
		E2E2F42A277EEBAF005F7644 /* ViewController.m in Sources */ = {isa = PBXBuildFile; fileRef = E2E2F429277EEBAF005F7644 /* ViewController.m */; };
		E2E2F42D277EEBAF005F7644 /* Main.storyboard in Resources */ = {isa = PBXBuildFile; fileRef = E2E2F42B277EEBAF005F7644 /* Main.storyboard */; };
		E2E2F42F277EEBB0005F7644 /* Assets.xcassets in Resources */ = {isa = PBXBuildFile; fileRef = E2E2F42E277EEBB0005F7644 /* Assets.xcassets */; };
		E2E2F432277EEBB0005F7644 /* LaunchScreen.storyboard in Resources */ = {isa = PBXBuildFile; fileRef = E2E2F430277EEBB0005F7644 /* LaunchScreen.storyboard */; };
		E2E2F435277EEBB0005F7644 /* main.m in Sources */ = {isa = PBXBuildFile; fileRef = E2E2F434277EEBB0005F7644 /* main.m */; };
		E2E2F43D277EED08005F7644 /* CoreBluetooth.framework in Frameworks */ = {isa = PBXBuildFile; fileRef = E2E2F43C277EED08005F7644 /* CoreBluetooth.framework */; };
/* End PBXBuildFile section */

/* Begin PBXFileReference section */
		E2370EE127F833E4009AE6ED /* WebKit.framework */ = {isa = PBXFileReference; lastKnownFileType = wrapper.framework; name = WebKit.framework; path = System/Library/Frameworks/WebKit.framework; sourceTree = SDKROOT; };
		E2370EE327F833FE009AE6ED /* Security.framework */ = {isa = PBXFileReference; lastKnownFileType = wrapper.framework; name = Security.framework; path = System/Library/Frameworks/Security.framework; sourceTree = SDKROOT; };
		E25B849027EDB1630002B013 /* BallMachine.html */ = {isa = PBXFileReference; fileEncoding = 4; lastKnownFileType = text.html; path = BallMachine.html; sourceTree = "<group>"; };
		E26B29902785C4AB0044AB06 /* CSIIJSBridge.framework */ = {isa = PBXFileReference; lastKnownFileType = wrapper.framework; path = CSIIJSBridge.framework; sourceTree = "<group>"; };
		E26EB3F927C3790800375BDA /* VersionUpdateManager.m */ = {isa = PBXFileReference; fileEncoding = 4; lastKnownFileType = sourcecode.c.objc; path = VersionUpdateManager.m; sourceTree = "<group>"; };
		E26EB3FA27C3790800375BDA /* VersionUpdateManager.h */ = {isa = PBXFileReference; fileEncoding = 4; lastKnownFileType = sourcecode.c.h; path = VersionUpdateManager.h; sourceTree = "<group>"; };
		E26EB3FD27C37A3D00375BDA /* otherTool.h */ = {isa = PBXFileReference; lastKnownFileType = sourcecode.c.h; path = otherTool.h; sourceTree = "<group>"; };
		E26EB3FE27C37A3D00375BDA /* otherTool.m */ = {isa = PBXFileReference; lastKnownFileType = sourcecode.c.objc; path = otherTool.m; sourceTree = "<group>"; };
		E26EB40127C383F600375BDA /* AFSecurityPolicy.h */ = {isa = PBXFileReference; fileEncoding = 4; lastKnownFileType = sourcecode.c.h; path = AFSecurityPolicy.h; sourceTree = "<group>"; };
		E26EB40227C383F600375BDA /* AFNetworkReachabilityManager.h */ = {isa = PBXFileReference; fileEncoding = 4; lastKnownFileType = sourcecode.c.h; path = AFNetworkReachabilityManager.h; sourceTree = "<group>"; };
		E26EB40327C383F600375BDA /* AFURLSessionManager.h */ = {isa = PBXFileReference; fileEncoding = 4; lastKnownFileType = sourcecode.c.h; path = AFURLSessionManager.h; sourceTree = "<group>"; };
		E26EB40427C383F600375BDA /* AFURLRequestSerialization.h */ = {isa = PBXFileReference; fileEncoding = 4; lastKnownFileType = sourcecode.c.h; path = AFURLRequestSerialization.h; sourceTree = "<group>"; };
		E26EB40527C383F600375BDA /* AFURLResponseSerialization.m */ = {isa = PBXFileReference; fileEncoding = 4; lastKnownFileType = sourcecode.c.objc; path = AFURLResponseSerialization.m; sourceTree = "<group>"; };
		E26EB40627C383F600375BDA /* AFHTTPSessionManager.m */ = {isa = PBXFileReference; fileEncoding = 4; lastKnownFileType = sourcecode.c.objc; path = AFHTTPSessionManager.m; sourceTree = "<group>"; };
		E26EB40727C383F600375BDA /* AFURLResponseSerialization.h */ = {isa = PBXFileReference; fileEncoding = 4; lastKnownFileType = sourcecode.c.h; path = AFURLResponseSerialization.h; sourceTree = "<group>"; };
		E26EB40827C383F600375BDA /* AFURLSessionManager.m */ = {isa = PBXFileReference; fileEncoding = 4; lastKnownFileType = sourcecode.c.objc; path = AFURLSessionManager.m; sourceTree = "<group>"; };
		E26EB40927C383F600375BDA /* AFURLRequestSerialization.m */ = {isa = PBXFileReference; fileEncoding = 4; lastKnownFileType = sourcecode.c.objc; path = AFURLRequestSerialization.m; sourceTree = "<group>"; };
		E26EB40A27C383F600375BDA /* AFNetworking.h */ = {isa = PBXFileReference; fileEncoding = 4; lastKnownFileType = sourcecode.c.h; path = AFNetworking.h; sourceTree = "<group>"; };
		E26EB40B27C383F600375BDA /* AFNetworkReachabilityManager.m */ = {isa = PBXFileReference; fileEncoding = 4; lastKnownFileType = sourcecode.c.objc; path = AFNetworkReachabilityManager.m; sourceTree = "<group>"; };
		E26EB40C27C383F600375BDA /* AFSecurityPolicy.m */ = {isa = PBXFileReference; fileEncoding = 4; lastKnownFileType = sourcecode.c.objc; path = AFSecurityPolicy.m; sourceTree = "<group>"; };
		E26EB40E27C383F600375BDA /* WKWebView+AFNetworking.h */ = {isa = PBXFileReference; fileEncoding = 4; lastKnownFileType = sourcecode.c.h; path = "WKWebView+AFNetworking.h"; sourceTree = "<group>"; };
		E26EB40F27C383F600375BDA /* UIProgressView+AFNetworking.m */ = {isa = PBXFileReference; fileEncoding = 4; lastKnownFileType = sourcecode.c.objc; path = "UIProgressView+AFNetworking.m"; sourceTree = "<group>"; };
		E26EB41027C383F600375BDA /* UIButton+AFNetworking.h */ = {isa = PBXFileReference; fileEncoding = 4; lastKnownFileType = sourcecode.c.h; path = "UIButton+AFNetworking.h"; sourceTree = "<group>"; };
		E26EB41127C383F600375BDA /* UIRefreshControl+AFNetworking.m */ = {isa = PBXFileReference; fileEncoding = 4; lastKnownFileType = sourcecode.c.objc; path = "UIRefreshControl+AFNetworking.m"; sourceTree = "<group>"; };
		E26EB41227C383F600375BDA /* UIImageView+AFNetworking.h */ = {isa = PBXFileReference; fileEncoding = 4; lastKnownFileType = sourcecode.c.h; path = "UIImageView+AFNetworking.h"; sourceTree = "<group>"; };
		E26EB41327C383F600375BDA /* AFImageDownloader.h */ = {isa = PBXFileReference; fileEncoding = 4; lastKnownFileType = sourcecode.c.h; path = AFImageDownloader.h; sourceTree = "<group>"; };
		E26EB41427C383F600375BDA /* AFNetworkActivityIndicatorManager.m */ = {isa = PBXFileReference; fileEncoding = 4; lastKnownFileType = sourcecode.c.objc; path = AFNetworkActivityIndicatorManager.m; sourceTree = "<group>"; };
		E26EB41527C383F600375BDA /* AFAutoPurgingImageCache.h */ = {isa = PBXFileReference; fileEncoding = 4; lastKnownFileType = sourcecode.c.h; path = AFAutoPurgingImageCache.h; sourceTree = "<group>"; };
		E26EB41627C383F600375BDA /* UIActivityIndicatorView+AFNetworking.h */ = {isa = PBXFileReference; fileEncoding = 4; lastKnownFileType = sourcecode.c.h; path = "UIActivityIndicatorView+AFNetworking.h"; sourceTree = "<group>"; };
		E26EB41727C383F600375BDA /* WKWebView+AFNetworking.m */ = {isa = PBXFileReference; fileEncoding = 4; lastKnownFileType = sourcecode.c.objc; path = "WKWebView+AFNetworking.m"; sourceTree = "<group>"; };
		E26EB41827C383F600375BDA /* UIProgressView+AFNetworking.h */ = {isa = PBXFileReference; fileEncoding = 4; lastKnownFileType = sourcecode.c.h; path = "UIProgressView+AFNetworking.h"; sourceTree = "<group>"; };
		E26EB41927C383F600375BDA /* UIImageView+AFNetworking.m */ = {isa = PBXFileReference; fileEncoding = 4; lastKnownFileType = sourcecode.c.objc; path = "UIImageView+AFNetworking.m"; sourceTree = "<group>"; };
		E26EB41A27C383F600375BDA /* UIKit+AFNetworking.h */ = {isa = PBXFileReference; fileEncoding = 4; lastKnownFileType = sourcecode.c.h; path = "UIKit+AFNetworking.h"; sourceTree = "<group>"; };
		E26EB41B27C383F600375BDA /* UIRefreshControl+AFNetworking.h */ = {isa = PBXFileReference; fileEncoding = 4; lastKnownFileType = sourcecode.c.h; path = "UIRefreshControl+AFNetworking.h"; sourceTree = "<group>"; };
		E26EB41C27C383F600375BDA /* UIButton+AFNetworking.m */ = {isa = PBXFileReference; fileEncoding = 4; lastKnownFileType = sourcecode.c.objc; path = "UIButton+AFNetworking.m"; sourceTree = "<group>"; };
		E26EB41D27C383F600375BDA /* UIActivityIndicatorView+AFNetworking.m */ = {isa = PBXFileReference; fileEncoding = 4; lastKnownFileType = sourcecode.c.objc; path = "UIActivityIndicatorView+AFNetworking.m"; sourceTree = "<group>"; };
		E26EB41E27C383F600375BDA /* AFAutoPurgingImageCache.m */ = {isa = PBXFileReference; fileEncoding = 4; lastKnownFileType = sourcecode.c.objc; path = AFAutoPurgingImageCache.m; sourceTree = "<group>"; };
		E26EB41F27C383F600375BDA /* AFNetworkActivityIndicatorManager.h */ = {isa = PBXFileReference; fileEncoding = 4; lastKnownFileType = sourcecode.c.h; path = AFNetworkActivityIndicatorManager.h; sourceTree = "<group>"; };
		E26EB42027C383F600375BDA /* AFImageDownloader.m */ = {isa = PBXFileReference; fileEncoding = 4; lastKnownFileType = sourcecode.c.objc; path = AFImageDownloader.m; sourceTree = "<group>"; };
		E26EB42127C383F600375BDA /* AFCompatibilityMacros.h */ = {isa = PBXFileReference; fileEncoding = 4; lastKnownFileType = sourcecode.c.h; path = AFCompatibilityMacros.h; sourceTree = "<group>"; };
		E26EB42227C383F600375BDA /* AFHTTPSessionManager.h */ = {isa = PBXFileReference; fileEncoding = 4; lastKnownFileType = sourcecode.c.h; path = AFHTTPSessionManager.h; sourceTree = "<group>"; };
		E26EB43227C3845500375BDA /* UpdateManagerRequest.h */ = {isa = PBXFileReference; fileEncoding = 4; lastKnownFileType = sourcecode.c.h; path = UpdateManagerRequest.h; sourceTree = "<group>"; };
		E26EB43327C3845500375BDA /* UpdateManagerRequest.m */ = {isa = PBXFileReference; fileEncoding = 4; lastKnownFileType = sourcecode.c.objc; path = UpdateManagerRequest.m; sourceTree = "<group>"; };
		E26EB43527C384F400375BDA /* UIKit.framework */ = {isa = PBXFileReference; lastKnownFileType = wrapper.framework; name = UIKit.framework; path = System/Library/Frameworks/UIKit.framework; sourceTree = SDKROOT; };
		E26EB43727C385EA00375BDA /* CSIIRequestManager.h */ = {isa = PBXFileReference; fileEncoding = 4; lastKnownFileType = sourcecode.c.h; path = CSIIRequestManager.h; sourceTree = "<group>"; };
		E26EB43827C385EA00375BDA /* CSIIRequestManager.m */ = {isa = PBXFileReference; fileEncoding = 4; lastKnownFileType = sourcecode.c.objc; path = CSIIRequestManager.m; sourceTree = "<group>"; };
		E28CB94D286ED2FB00453520 /* Assets.xcassets */ = {isa = PBXFileReference; lastKnownFileType = folder.assetcatalog; path = Assets.xcassets; sourceTree = "<group>"; };
		E28CB952286ED2FB00453520 /* nextSwiftUI.app */ = {isa = PBXFileReference; explicitFileType = wrapper.application; includeInIndex = 0; path = nextSwiftUI.app; sourceTree = BUILT_PRODUCTS_DIR; };
		E28CB957286ED2FB00453520 /* nextSwiftUI.app */ = {isa = PBXFileReference; explicitFileType = wrapper.application; includeInIndex = 0; path = nextSwiftUI.app; sourceTree = BUILT_PRODUCTS_DIR; };
		E28CB959286ED2FB00453520 /* macOS.entitlements */ = {isa = PBXFileReference; lastKnownFileType = text.plist.entitlements; path = macOS.entitlements; sourceTree = "<group>"; };
		E2AFB807283377DC003D160A /* EnvironmentChange.h */ = {isa = PBXFileReference; lastKnownFileType = sourcecode.c.h; path = EnvironmentChange.h; sourceTree = "<group>"; };
		E2AFB808283377DC003D160A /* EnvironmentChange.m */ = {isa = PBXFileReference; lastKnownFileType = sourcecode.c.objc; path = EnvironmentChange.m; sourceTree = "<group>"; };
		E2AFB80A283393D3003D160A /* LaunchScreen.h */ = {isa = PBXFileReference; lastKnownFileType = sourcecode.c.h; path = LaunchScreen.h; sourceTree = "<group>"; };
		E2AFB80B283393D3003D160A /* LaunchScreen.m */ = {isa = PBXFileReference; lastKnownFileType = sourcecode.c.objc; path = LaunchScreen.m; sourceTree = "<group>"; };
		E2AFB80E28339957003D160A /* WHToastView.h */ = {isa = PBXFileReference; fileEncoding = 4; lastKnownFileType = sourcecode.c.h; path = WHToastView.h; sourceTree = "<group>"; };
		E2AFB80F28339957003D160A /* WHToastConfig.h */ = {isa = PBXFileReference; fileEncoding = 4; lastKnownFileType = sourcecode.c.h; path = WHToastConfig.h; sourceTree = "<group>"; };
		E2AFB81028339957003D160A /* WHToast.h */ = {isa = PBXFileReference; fileEncoding = 4; lastKnownFileType = sourcecode.c.h; path = WHToast.h; sourceTree = "<group>"; };
		E2AFB81128339957003D160A /* WHToastConfig.m */ = {isa = PBXFileReference; fileEncoding = 4; lastKnownFileType = sourcecode.c.objc; path = WHToastConfig.m; sourceTree = "<group>"; };
		E2AFB81228339957003D160A /* WHToastView.m */ = {isa = PBXFileReference; fileEncoding = 4; lastKnownFileType = sourcecode.c.objc; path = WHToastView.m; sourceTree = "<group>"; };
		E2AFB81328339957003D160A /* WHToast.m */ = {isa = PBXFileReference; fileEncoding = 4; lastKnownFileType = sourcecode.c.objc; path = WHToast.m; sourceTree = "<group>"; };
		E2AFB8172833BD71003D160A /* BallMachine.pch */ = {isa = PBXFileReference; lastKnownFileType = sourcecode.c.h; path = BallMachine.pch; sourceTree = "<group>"; };
		E2E2C28128057EBE00CDA97B /* CSIIJSBridge.framework */ = {isa = PBXFileReference; lastKnownFileType = wrapper.framework; name = CSIIJSBridge.framework; path = BallMachine/thirdSDK/CSIIJSBridge.framework; sourceTree = "<group>"; };
		E2E2F41F277EEBAF005F7644 /* BallMachine.app */ = {isa = PBXFileReference; explicitFileType = wrapper.application; includeInIndex = 0; path = BallMachine.app; sourceTree = BUILT_PRODUCTS_DIR; };
		E2E2F422277EEBAF005F7644 /* AppDelegate.h */ = {isa = PBXFileReference; lastKnownFileType = sourcecode.c.h; path = AppDelegate.h; sourceTree = "<group>"; };
		E2E2F423277EEBAF005F7644 /* AppDelegate.m */ = {isa = PBXFileReference; lastKnownFileType = sourcecode.c.objc; path = AppDelegate.m; sourceTree = "<group>"; };
		E2E2F428277EEBAF005F7644 /* ViewController.h */ = {isa = PBXFileReference; lastKnownFileType = sourcecode.c.h; path = ViewController.h; sourceTree = "<group>"; };
		E2E2F429277EEBAF005F7644 /* ViewController.m */ = {isa = PBXFileReference; lastKnownFileType = sourcecode.c.objc; path = ViewController.m; sourceTree = "<group>"; };
		E2E2F42C277EEBAF005F7644 /* Base */ = {isa = PBXFileReference; lastKnownFileType = file.storyboard; name = Base; path = Base.lproj/Main.storyboard; sourceTree = "<group>"; };
		E2E2F42E277EEBB0005F7644 /* Assets.xcassets */ = {isa = PBXFileReference; lastKnownFileType = folder.assetcatalog; path = Assets.xcassets; sourceTree = "<group>"; };
		E2E2F431277EEBB0005F7644 /* Base */ = {isa = PBXFileReference; lastKnownFileType = file.storyboard; name = Base; path = Base.lproj/LaunchScreen.storyboard; sourceTree = "<group>"; };
		E2E2F433277EEBB0005F7644 /* Info.plist */ = {isa = PBXFileReference; lastKnownFileType = text.plist.xml; path = Info.plist; sourceTree = "<group>"; };
		E2E2F434277EEBB0005F7644 /* main.m */ = {isa = PBXFileReference; lastKnownFileType = sourcecode.c.objc; path = main.m; sourceTree = "<group>"; };
		E2E2F43C277EED08005F7644 /* CoreBluetooth.framework */ = {isa = PBXFileReference; lastKnownFileType = wrapper.framework; name = CoreBluetooth.framework; path = System/Library/Frameworks/CoreBluetooth.framework; sourceTree = SDKROOT; };
/* End PBXFileReference section */

/* Begin PBXFrameworksBuildPhase section */
		E28CB94F286ED2FB00453520 /* Frameworks */ = {
			isa = PBXFrameworksBuildPhase;
			buildActionMask = 2147483647;
			files = (
			);
			runOnlyForDeploymentPostprocessing = 0;
		};
		E28CB954286ED2FB00453520 /* Frameworks */ = {
			isa = PBXFrameworksBuildPhase;
			buildActionMask = 2147483647;
			files = (
			);
			runOnlyForDeploymentPostprocessing = 0;
		};
		E2E2F41C277EEBAF005F7644 /* Frameworks */ = {
			isa = PBXFrameworksBuildPhase;
			buildActionMask = 2147483647;
			files = (
				E2370EE427F833FE009AE6ED /* Security.framework in Frameworks */,
				E2370EE227F833E4009AE6ED /* WebKit.framework in Frameworks */,
				E26EB43627C384F400375BDA /* UIKit.framework in Frameworks */,
				E27A291B283B27F1004AEAB9 /* CSIIJSBridge.framework in Frameworks */,
				E2E2F43D277EED08005F7644 /* CoreBluetooth.framework in Frameworks */,
			);
			runOnlyForDeploymentPostprocessing = 0;
		};
/* End PBXFrameworksBuildPhase section */

/* Begin PBXGroup section */
		E26B298F2785C48F0044AB06 /* thirdSDK */ = {
			isa = PBXGroup;
			children = (
				E2AFB80D28339957003D160A /* WHToast */,
				E26EB40027C383F600375BDA /* AFNetworking */,
				E26B29902785C4AB0044AB06 /* CSIIJSBridge.framework */,
			);
			path = thirdSDK;
			sourceTree = "<group>";
		};
		E26EB3F827C3790800375BDA /* Manager */ = {
			isa = PBXGroup;
			children = (
				E2AFB807283377DC003D160A /* EnvironmentChange.h */,
				E2AFB808283377DC003D160A /* EnvironmentChange.m */,
				E26EB43727C385EA00375BDA /* CSIIRequestManager.h */,
				E26EB43827C385EA00375BDA /* CSIIRequestManager.m */,
				E26EB43227C3845500375BDA /* UpdateManagerRequest.h */,
				E26EB43327C3845500375BDA /* UpdateManagerRequest.m */,
				E26EB3F927C3790800375BDA /* VersionUpdateManager.m */,
				E26EB3FA27C3790800375BDA /* VersionUpdateManager.h */,
			);
			path = Manager;
			sourceTree = "<group>";
		};
		E26EB3FC27C379EF00375BDA /* tool */ = {
			isa = PBXGroup;
			children = (
				E26EB3FD27C37A3D00375BDA /* otherTool.h */,
				E26EB3FE27C37A3D00375BDA /* otherTool.m */,
			);
			path = tool;
			sourceTree = "<group>";
		};
		E26EB40027C383F600375BDA /* AFNetworking */ = {
			isa = PBXGroup;
			children = (
				E26EB40127C383F600375BDA /* AFSecurityPolicy.h */,
				E26EB40227C383F600375BDA /* AFNetworkReachabilityManager.h */,
				E26EB40327C383F600375BDA /* AFURLSessionManager.h */,
				E26EB40427C383F600375BDA /* AFURLRequestSerialization.h */,
				E26EB40527C383F600375BDA /* AFURLResponseSerialization.m */,
				E26EB40627C383F600375BDA /* AFHTTPSessionManager.m */,
				E26EB40727C383F600375BDA /* AFURLResponseSerialization.h */,
				E26EB40827C383F600375BDA /* AFURLSessionManager.m */,
				E26EB40927C383F600375BDA /* AFURLRequestSerialization.m */,
				E26EB40A27C383F600375BDA /* AFNetworking.h */,
				E26EB40B27C383F600375BDA /* AFNetworkReachabilityManager.m */,
				E26EB40C27C383F600375BDA /* AFSecurityPolicy.m */,
				E26EB40D27C383F600375BDA /* UIKit+AFNetworking */,
				E26EB42127C383F600375BDA /* AFCompatibilityMacros.h */,
				E26EB42227C383F600375BDA /* AFHTTPSessionManager.h */,
			);
			path = AFNetworking;
			sourceTree = "<group>";
		};
		E26EB40D27C383F600375BDA /* UIKit+AFNetworking */ = {
			isa = PBXGroup;
			children = (
				E26EB40E27C383F600375BDA /* WKWebView+AFNetworking.h */,
				E26EB40F27C383F600375BDA /* UIProgressView+AFNetworking.m */,
				E26EB41027C383F600375BDA /* UIButton+AFNetworking.h */,
				E26EB41127C383F600375BDA /* UIRefreshControl+AFNetworking.m */,
				E26EB41227C383F600375BDA /* UIImageView+AFNetworking.h */,
				E26EB41327C383F600375BDA /* AFImageDownloader.h */,
				E26EB41427C383F600375BDA /* AFNetworkActivityIndicatorManager.m */,
				E26EB41527C383F600375BDA /* AFAutoPurgingImageCache.h */,
				E26EB41627C383F600375BDA /* UIActivityIndicatorView+AFNetworking.h */,
				E26EB41727C383F600375BDA /* WKWebView+AFNetworking.m */,
				E26EB41827C383F600375BDA /* UIProgressView+AFNetworking.h */,
				E26EB41927C383F600375BDA /* UIImageView+AFNetworking.m */,
				E26EB41A27C383F600375BDA /* UIKit+AFNetworking.h */,
				E26EB41B27C383F600375BDA /* UIRefreshControl+AFNetworking.h */,
				E26EB41C27C383F600375BDA /* UIButton+AFNetworking.m */,
				E26EB41D27C383F600375BDA /* UIActivityIndicatorView+AFNetworking.m */,
				E26EB41E27C383F600375BDA /* AFAutoPurgingImageCache.m */,
				E26EB41F27C383F600375BDA /* AFNetworkActivityIndicatorManager.h */,
				E26EB42027C383F600375BDA /* AFImageDownloader.m */,
			);
			path = "UIKit+AFNetworking";
			sourceTree = "<group>";
		};
		E28CB94A286ED2FA00453520 /* Shared */ = {
			isa = PBXGroup;
			children = (
				E28CB94D286ED2FB00453520 /* Assets.xcassets */,
			);
			path = Shared;
			sourceTree = "<group>";
		};
		E28CB958286ED2FB00453520 /* macOS */ = {
			isa = PBXGroup;
			children = (
				E28CB959286ED2FB00453520 /* macOS.entitlements */,
			);
			path = macOS;
			sourceTree = "<group>";
		};
		E2AFB80D28339957003D160A /* WHToast */ = {
			isa = PBXGroup;
			children = (
				E2AFB80E28339957003D160A /* WHToastView.h */,
				E2AFB80F28339957003D160A /* WHToastConfig.h */,
				E2AFB81028339957003D160A /* WHToast.h */,
				E2AFB81128339957003D160A /* WHToastConfig.m */,
				E2AFB81228339957003D160A /* WHToastView.m */,
				E2AFB81328339957003D160A /* WHToast.m */,
			);
			path = WHToast;
			sourceTree = "<group>";
		};
		E2E2F416277EEBAF005F7644 = {
			isa = PBXGroup;
			children = (
				E2E2F421277EEBAF005F7644 /* BallMachine */,
				E28CB94A286ED2FA00453520 /* Shared */,
				E28CB958286ED2FB00453520 /* macOS */,
				E2E2F420277EEBAF005F7644 /* Products */,
				E2E2F43B277EED08005F7644 /* Frameworks */,
			);
			sourceTree = "<group>";
		};
		E2E2F420277EEBAF005F7644 /* Products */ = {
			isa = PBXGroup;
			children = (
				E2E2F41F277EEBAF005F7644 /* BallMachine.app */,
				E28CB952286ED2FB00453520 /* nextSwiftUI.app */,
				E28CB957286ED2FB00453520 /* nextSwiftUI.app */,
			);
			name = Products;
			sourceTree = "<group>";
		};
		E2E2F421277EEBAF005F7644 /* BallMachine */ = {
			isa = PBXGroup;
			children = (
				E25B849027EDB1630002B013 /* BallMachine.html */,
				E26EB3FC27C379EF00375BDA /* tool */,
				E26EB3F827C3790800375BDA /* Manager */,
				E26B298F2785C48F0044AB06 /* thirdSDK */,
				E2E2F422277EEBAF005F7644 /* AppDelegate.h */,
				E2E2F423277EEBAF005F7644 /* AppDelegate.m */,
				E2E2F428277EEBAF005F7644 /* ViewController.h */,
				E2E2F429277EEBAF005F7644 /* ViewController.m */,
				E2AFB8172833BD71003D160A /* BallMachine.pch */,
				E2AFB80A283393D3003D160A /* LaunchScreen.h */,
				E2AFB80B283393D3003D160A /* LaunchScreen.m */,
				E2E2F42B277EEBAF005F7644 /* Main.storyboard */,
				E2E2F42E277EEBB0005F7644 /* Assets.xcassets */,
				E2E2F430277EEBB0005F7644 /* LaunchScreen.storyboard */,
				E2E2F433277EEBB0005F7644 /* Info.plist */,
				E2E2F434277EEBB0005F7644 /* main.m */,
			);
			path = BallMachine;
			sourceTree = "<group>";
		};
		E2E2F43B277EED08005F7644 /* Frameworks */ = {
			isa = PBXGroup;
			children = (
				E2E2C28128057EBE00CDA97B /* CSIIJSBridge.framework */,
				E2370EE327F833FE009AE6ED /* Security.framework */,
				E2370EE127F833E4009AE6ED /* WebKit.framework */,
				E26EB43527C384F400375BDA /* UIKit.framework */,
				E2E2F43C277EED08005F7644 /* CoreBluetooth.framework */,
			);
			name = Frameworks;
			sourceTree = "<group>";
		};
/* End PBXGroup section */

/* Begin PBXNativeTarget section */
		E28CB951286ED2FB00453520 /* nextSwiftUI (iOS) */ = {
			isa = PBXNativeTarget;
			buildConfigurationList = E28CB964286ED2FB00453520 /* Build configuration list for PBXNativeTarget "nextSwiftUI (iOS)" */;
			buildPhases = (
				E28CB94E286ED2FB00453520 /* Sources */,
				E28CB94F286ED2FB00453520 /* Frameworks */,
				E28CB950286ED2FB00453520 /* Resources */,
			);
			buildRules = (
			);
			dependencies = (
			);
			name = "nextSwiftUI (iOS)";
			productName = "nextSwiftUI (iOS)";
			productReference = E28CB952286ED2FB00453520 /* nextSwiftUI.app */;
			productType = "com.apple.product-type.application";
		};
		E28CB956286ED2FB00453520 /* nextSwiftUI (macOS) */ = {
			isa = PBXNativeTarget;
			buildConfigurationList = E28CB965286ED2FB00453520 /* Build configuration list for PBXNativeTarget "nextSwiftUI (macOS)" */;
			buildPhases = (
				E28CB953286ED2FB00453520 /* Sources */,
				E28CB954286ED2FB00453520 /* Frameworks */,
				E28CB955286ED2FB00453520 /* Resources */,
			);
			buildRules = (
			);
			dependencies = (
			);
			name = "nextSwiftUI (macOS)";
			productName = "nextSwiftUI (macOS)";
			productReference = E28CB957286ED2FB00453520 /* nextSwiftUI.app */;
			productType = "com.apple.product-type.application";
		};
		E2E2F41E277EEBAF005F7644 /* BallMachine */ = {
			isa = PBXNativeTarget;
			buildConfigurationList = E2E2F438277EEBB0005F7644 /* Build configuration list for PBXNativeTarget "BallMachine" */;
			buildPhases = (
				E2E2F41B277EEBAF005F7644 /* Sources */,
				E2E2F41C277EEBAF005F7644 /* Frameworks */,
				E2E2F41D277EEBAF005F7644 /* Resources */,
			);
			buildRules = (
			);
			dependencies = (
			);
			name = BallMachine;
			productName = BallMachine;
			productReference = E2E2F41F277EEBAF005F7644 /* BallMachine.app */;
			productType = "com.apple.product-type.application";
		};
/* End PBXNativeTarget section */

/* Begin PBXProject section */
		E2E2F417277EEBAF005F7644 /* Project object */ = {
			isa = PBXProject;
			attributes = {
				BuildIndependentTargetsInParallel = 1;
				LastSwiftUpdateCheck = 1340;
				LastUpgradeCheck = 1320;
				TargetAttributes = {
					E28CB951286ED2FB00453520 = {
						CreatedOnToolsVersion = 13.4.1;
					};
					E28CB956286ED2FB00453520 = {
						CreatedOnToolsVersion = 13.4.1;
					};
					E2E2F41E277EEBAF005F7644 = {
						CreatedOnToolsVersion = 13.2.1;
					};
				};
			};
			buildConfigurationList = E2E2F41A277EEBAF005F7644 /* Build configuration list for PBXProject "BallMachine" */;
			compatibilityVersion = "Xcode 13.0";
			developmentRegion = en;
			hasScannedForEncodings = 0;
			knownRegions = (
				en,
				Base,
			);
			mainGroup = E2E2F416277EEBAF005F7644;
			productRefGroup = E2E2F420277EEBAF005F7644 /* Products */;
			projectDirPath = "";
			projectRoot = "";
			targets = (
				E2E2F41E277EEBAF005F7644 /* BallMachine */,
				E28CB951286ED2FB00453520 /* nextSwiftUI (iOS) */,
				E28CB956286ED2FB00453520 /* nextSwiftUI (macOS) */,
			);
		};
/* End PBXProject section */

/* Begin PBXResourcesBuildPhase section */
		E28CB950286ED2FB00453520 /* Resources */ = {
			isa = PBXResourcesBuildPhase;
			buildActionMask = 2147483647;
			files = (
				E28CB95E286ED2FB00453520 /* Assets.xcassets in Resources */,
			);
			runOnlyForDeploymentPostprocessing = 0;
		};
		E28CB955286ED2FB00453520 /* Resources */ = {
			isa = PBXResourcesBuildPhase;
			buildActionMask = 2147483647;
			files = (
				E28CB95F286ED2FB00453520 /* Assets.xcassets in Resources */,
			);
			runOnlyForDeploymentPostprocessing = 0;
		};
		E2E2F41D277EEBAF005F7644 /* Resources */ = {
			isa = PBXResourcesBuildPhase;
			buildActionMask = 2147483647;
			files = (
				E2E2F432277EEBB0005F7644 /* LaunchScreen.storyboard in Resources */,
				E2E2F42F277EEBB0005F7644 /* Assets.xcassets in Resources */,
				E2E2F42D277EEBAF005F7644 /* Main.storyboard in Resources */,
				E25B849127EDB1630002B013 /* BallMachine.html in Resources */,
			);
			runOnlyForDeploymentPostprocessing = 0;
		};
/* End PBXResourcesBuildPhase section */

/* Begin PBXSourcesBuildPhase section */
		E28CB94E286ED2FB00453520 /* Sources */ = {
			isa = PBXSourcesBuildPhase;
			buildActionMask = 2147483647;
			files = (
			);
			runOnlyForDeploymentPostprocessing = 0;
		};
		E28CB953286ED2FB00453520 /* Sources */ = {
			isa = PBXSourcesBuildPhase;
			buildActionMask = 2147483647;
			files = (
			);
			runOnlyForDeploymentPostprocessing = 0;
		};
		E2E2F41B277EEBAF005F7644 /* Sources */ = {
			isa = PBXSourcesBuildPhase;
			buildActionMask = 2147483647;
			files = (
				E26EB42D27C383F600375BDA /* UIImageView+AFNetworking.m in Sources */,
				E26EB43927C385EA00375BDA /* CSIIRequestManager.m in Sources */,
				E26EB43127C383F600375BDA /* AFImageDownloader.m in Sources */,
				E26EB43427C3845500375BDA /* UpdateManagerRequest.m in Sources */,
				E26EB42C27C383F600375BDA /* WKWebView+AFNetworking.m in Sources */,
				E26EB42827C383F600375BDA /* AFSecurityPolicy.m in Sources */,
				E26EB42E27C383F600375BDA /* UIButton+AFNetworking.m in Sources */,
				E2E2F42A277EEBAF005F7644 /* ViewController.m in Sources */,
				E2E2F424277EEBAF005F7644 /* AppDelegate.m in Sources */,
				E26EB3FF27C37A3D00375BDA /* otherTool.m in Sources */,
				E26EB42B27C383F600375BDA /* AFNetworkActivityIndicatorManager.m in Sources */,
				E2AFB81528339957003D160A /* WHToastView.m in Sources */,
				E26EB42927C383F600375BDA /* UIProgressView+AFNetworking.m in Sources */,
				E26EB42A27C383F600375BDA /* UIRefreshControl+AFNetworking.m in Sources */,
				E2AFB809283377DC003D160A /* EnvironmentChange.m in Sources */,
				E26EB42427C383F600375BDA /* AFHTTPSessionManager.m in Sources */,
				E2AFB81628339957003D160A /* WHToast.m in Sources */,
				E26EB43027C383F600375BDA /* AFAutoPurgingImageCache.m in Sources */,
				E26EB42527C383F600375BDA /* AFURLSessionManager.m in Sources */,
				E26EB42327C383F600375BDA /* AFURLResponseSerialization.m in Sources */,
				E2AFB80C283393D3003D160A /* LaunchScreen.m in Sources */,
				E26EB3FB27C3790900375BDA /* VersionUpdateManager.m in Sources */,
				E2E2F435277EEBB0005F7644 /* main.m in Sources */,
				E26EB42627C383F600375BDA /* AFURLRequestSerialization.m in Sources */,
				E26EB42727C383F600375BDA /* AFNetworkReachabilityManager.m in Sources */,
				E2AFB81428339957003D160A /* WHToastConfig.m in Sources */,
				E26EB42F27C383F600375BDA /* UIActivityIndicatorView+AFNetworking.m in Sources */,
			);
			runOnlyForDeploymentPostprocessing = 0;
		};
/* End PBXSourcesBuildPhase section */

/* Begin PBXVariantGroup section */
		E2E2F42B277EEBAF005F7644 /* Main.storyboard */ = {
			isa = PBXVariantGroup;
			children = (
				E2E2F42C277EEBAF005F7644 /* Base */,
			);
			name = Main.storyboard;
			sourceTree = "<group>";
		};
		E2E2F430277EEBB0005F7644 /* LaunchScreen.storyboard */ = {
			isa = PBXVariantGroup;
			children = (
				E2E2F431277EEBB0005F7644 /* Base */,
			);
			name = LaunchScreen.storyboard;
			sourceTree = "<group>";
		};
/* End PBXVariantGroup section */

/* Begin XCBuildConfiguration section */
		E28CB960286ED2FB00453520 /* Debug */ = {
			isa = XCBuildConfiguration;
			buildSettings = {
				ASSETCATALOG_COMPILER_APPICON_NAME = AppIcon;
				ASSETCATALOG_COMPILER_GLOBAL_ACCENT_COLOR_NAME = AccentColor;
				CODE_SIGN_STYLE = Automatic;
				CURRENT_PROJECT_VERSION = 1;
				DEVELOPMENT_TEAM = C2989MFX2P;
				ENABLE_PREVIEWS = YES;
				GENERATE_INFOPLIST_FILE = YES;
				INFOPLIST_KEY_UIApplicationSceneManifest_Generation = YES;
				INFOPLIST_KEY_UIApplicationSupportsIndirectInputEvents = YES;
				INFOPLIST_KEY_UILaunchScreen_Generation = YES;
				INFOPLIST_KEY_UISupportedInterfaceOrientations_iPad = "UIInterfaceOrientationPortrait UIInterfaceOrientationPortraitUpsideDown UIInterfaceOrientationLandscapeLeft UIInterfaceOrientationLandscapeRight";
				INFOPLIST_KEY_UISupportedInterfaceOrientations_iPhone = "UIInterfaceOrientationPortrait UIInterfaceOrientationLandscapeLeft UIInterfaceOrientationLandscapeRight";
				IPHONEOS_DEPLOYMENT_TARGET = 15.5;
				LD_RUNPATH_SEARCH_PATHS = (
					"$(inherited)",
					"@executable_path/Frameworks",
				);
				MARKETING_VERSION = 1.0;
				PRODUCT_BUNDLE_IDENTIFIER = com.csii.GalaxyStudio.nextSwiftUI;
				PRODUCT_NAME = nextSwiftUI;
				SDKROOT = iphoneos;
				SWIFT_ACTIVE_COMPILATION_CONDITIONS = DEBUG;
				SWIFT_EMIT_LOC_STRINGS = YES;
				SWIFT_OPTIMIZATION_LEVEL = "-Onone";
				SWIFT_VERSION = 5.0;
				TARGETED_DEVICE_FAMILY = "1,2";
			};
			name = Debug;
		};
		E28CB961286ED2FB00453520 /* Release */ = {
			isa = XCBuildConfiguration;
			buildSettings = {
				ASSETCATALOG_COMPILER_APPICON_NAME = AppIcon;
				ASSETCATALOG_COMPILER_GLOBAL_ACCENT_COLOR_NAME = AccentColor;
				CODE_SIGN_STYLE = Automatic;
				CURRENT_PROJECT_VERSION = 1;
				DEVELOPMENT_TEAM = C2989MFX2P;
				ENABLE_PREVIEWS = YES;
				GENERATE_INFOPLIST_FILE = YES;
				INFOPLIST_KEY_UIApplicationSceneManifest_Generation = YES;
				INFOPLIST_KEY_UIApplicationSupportsIndirectInputEvents = YES;
				INFOPLIST_KEY_UILaunchScreen_Generation = YES;
				INFOPLIST_KEY_UISupportedInterfaceOrientations_iPad = "UIInterfaceOrientationPortrait UIInterfaceOrientationPortraitUpsideDown UIInterfaceOrientationLandscapeLeft UIInterfaceOrientationLandscapeRight";
				INFOPLIST_KEY_UISupportedInterfaceOrientations_iPhone = "UIInterfaceOrientationPortrait UIInterfaceOrientationLandscapeLeft UIInterfaceOrientationLandscapeRight";
				IPHONEOS_DEPLOYMENT_TARGET = 15.5;
				LD_RUNPATH_SEARCH_PATHS = (
					"$(inherited)",
					"@executable_path/Frameworks",
				);
				MARKETING_VERSION = 1.0;
				PRODUCT_BUNDLE_IDENTIFIER = com.csii.GalaxyStudio.nextSwiftUI;
				PRODUCT_NAME = nextSwiftUI;
				SDKROOT = iphoneos;
				SWIFT_COMPILATION_MODE = wholemodule;
				SWIFT_EMIT_LOC_STRINGS = YES;
				SWIFT_OPTIMIZATION_LEVEL = "-O";
				SWIFT_VERSION = 5.0;
				TARGETED_DEVICE_FAMILY = "1,2";
				VALIDATE_PRODUCT = YES;
			};
			name = Release;
		};
		E28CB962286ED2FB00453520 /* Debug */ = {
			isa = XCBuildConfiguration;
			buildSettings = {
				ASSETCATALOG_COMPILER_APPICON_NAME = AppIcon;
				ASSETCATALOG_COMPILER_GLOBAL_ACCENT_COLOR_NAME = AccentColor;
				CODE_SIGN_ENTITLEMENTS = macOS/macOS.entitlements;
				CODE_SIGN_STYLE = Automatic;
				COMBINE_HIDPI_IMAGES = YES;
				CURRENT_PROJECT_VERSION = 1;
				DEVELOPMENT_TEAM = C2989MFX2P;
				ENABLE_HARDENED_RUNTIME = YES;
				ENABLE_PREVIEWS = YES;
				GENERATE_INFOPLIST_FILE = YES;
				INFOPLIST_KEY_NSHumanReadableCopyright = "";
				LD_RUNPATH_SEARCH_PATHS = (
					"$(inherited)",
					"@executable_path/../Frameworks",
				);
				MACOSX_DEPLOYMENT_TARGET = 12.3;
				MARKETING_VERSION = 1.0;
				PRODUCT_BUNDLE_IDENTIFIER = com.csii.GalaxyStudio.nextSwiftUI;
				PRODUCT_NAME = nextSwiftUI;
				SDKROOT = macosx;
				SWIFT_ACTIVE_COMPILATION_CONDITIONS = DEBUG;
				SWIFT_EMIT_LOC_STRINGS = YES;
				SWIFT_OPTIMIZATION_LEVEL = "-Onone";
				SWIFT_VERSION = 5.0;
			};
			name = Debug;
		};
		E28CB963286ED2FB00453520 /* Release */ = {
			isa = XCBuildConfiguration;
			buildSettings = {
				ASSETCATALOG_COMPILER_APPICON_NAME = AppIcon;
				ASSETCATALOG_COMPILER_GLOBAL_ACCENT_COLOR_NAME = AccentColor;
				CODE_SIGN_ENTITLEMENTS = macOS/macOS.entitlements;
				CODE_SIGN_STYLE = Automatic;
				COMBINE_HIDPI_IMAGES = YES;
				CURRENT_PROJECT_VERSION = 1;
				DEVELOPMENT_TEAM = C2989MFX2P;
				ENABLE_HARDENED_RUNTIME = YES;
				ENABLE_PREVIEWS = YES;
				GENERATE_INFOPLIST_FILE = YES;
				INFOPLIST_KEY_NSHumanReadableCopyright = "";
				LD_RUNPATH_SEARCH_PATHS = (
					"$(inherited)",
					"@executable_path/../Frameworks",
				);
				MACOSX_DEPLOYMENT_TARGET = 12.3;
				MARKETING_VERSION = 1.0;
				PRODUCT_BUNDLE_IDENTIFIER = com.csii.GalaxyStudio.nextSwiftUI;
				PRODUCT_NAME = nextSwiftUI;
				SDKROOT = macosx;
				SWIFT_COMPILATION_MODE = wholemodule;
				SWIFT_EMIT_LOC_STRINGS = YES;
				SWIFT_OPTIMIZATION_LEVEL = "-O";
				SWIFT_VERSION = 5.0;
			};
			name = Release;
		};
		E2E2F436277EEBB0005F7644 /* Debug */ = {
			isa = XCBuildConfiguration;
			buildSettings = {
				ALWAYS_SEARCH_USER_PATHS = NO;
				CLANG_ANALYZER_NONNULL = YES;
				CLANG_ANALYZER_NUMBER_OBJECT_CONVERSION = YES_AGGRESSIVE;
				CLANG_CXX_LANGUAGE_STANDARD = "gnu++17";
				CLANG_CXX_LIBRARY = "libc++";
				CLANG_ENABLE_MODULES = YES;
				CLANG_ENABLE_OBJC_ARC = YES;
				CLANG_ENABLE_OBJC_WEAK = YES;
				CLANG_WARN_BLOCK_CAPTURE_AUTORELEASING = YES;
				CLANG_WARN_BOOL_CONVERSION = YES;
				CLANG_WARN_COMMA = YES;
				CLANG_WARN_CONSTANT_CONVERSION = YES;
				CLANG_WARN_DEPRECATED_OBJC_IMPLEMENTATIONS = YES;
				CLANG_WARN_DIRECT_OBJC_ISA_USAGE = YES_ERROR;
				CLANG_WARN_DOCUMENTATION_COMMENTS = YES;
				CLANG_WARN_EMPTY_BODY = YES;
				CLANG_WARN_ENUM_CONVERSION = YES;
				CLANG_WARN_INFINITE_RECURSION = YES;
				CLANG_WARN_INT_CONVERSION = YES;
				CLANG_WARN_NON_LITERAL_NULL_CONVERSION = YES;
				CLANG_WARN_OBJC_IMPLICIT_RETAIN_SELF = YES;
				CLANG_WARN_OBJC_LITERAL_CONVERSION = YES;
				CLANG_WARN_OBJC_ROOT_CLASS = YES_ERROR;
				CLANG_WARN_QUOTED_INCLUDE_IN_FRAMEWORK_HEADER = YES;
				CLANG_WARN_RANGE_LOOP_ANALYSIS = YES;
				CLANG_WARN_STRICT_PROTOTYPES = YES;
				CLANG_WARN_SUSPICIOUS_MOVE = YES;
				CLANG_WARN_UNGUARDED_AVAILABILITY = YES_AGGRESSIVE;
				CLANG_WARN_UNREACHABLE_CODE = YES;
				CLANG_WARN__DUPLICATE_METHOD_MATCH = YES;
				COPY_PHASE_STRIP = NO;
				DEBUG_INFORMATION_FORMAT = dwarf;
				ENABLE_STRICT_OBJC_MSGSEND = YES;
				ENABLE_TESTABILITY = YES;
				GCC_C_LANGUAGE_STANDARD = gnu11;
				GCC_DYNAMIC_NO_PIC = NO;
				GCC_NO_COMMON_BLOCKS = YES;
				GCC_OPTIMIZATION_LEVEL = 0;
				GCC_PREPROCESSOR_DEFINITIONS = (
					"DEBUG=1",
					"$(inherited)",
				);
				GCC_WARN_64_TO_32_BIT_CONVERSION = YES;
				GCC_WARN_ABOUT_RETURN_TYPE = YES_ERROR;
				GCC_WARN_UNDECLARED_SELECTOR = YES;
				GCC_WARN_UNINITIALIZED_AUTOS = YES_AGGRESSIVE;
				GCC_WARN_UNUSED_FUNCTION = YES;
				GCC_WARN_UNUSED_VARIABLE = YES;
				IPHONEOS_DEPLOYMENT_TARGET = 9.0;
				MTL_ENABLE_DEBUG_INFO = INCLUDE_SOURCE;
				MTL_FAST_MATH = YES;
				ONLY_ACTIVE_ARCH = YES;
				SDKROOT = iphoneos;
			};
			name = Debug;
		};
		E2E2F437277EEBB0005F7644 /* Release */ = {
			isa = XCBuildConfiguration;
			buildSettings = {
				ALWAYS_SEARCH_USER_PATHS = NO;
				CLANG_ANALYZER_NONNULL = YES;
				CLANG_ANALYZER_NUMBER_OBJECT_CONVERSION = YES_AGGRESSIVE;
				CLANG_CXX_LANGUAGE_STANDARD = "gnu++17";
				CLANG_CXX_LIBRARY = "libc++";
				CLANG_ENABLE_MODULES = YES;
				CLANG_ENABLE_OBJC_ARC = YES;
				CLANG_ENABLE_OBJC_WEAK = YES;
				CLANG_WARN_BLOCK_CAPTURE_AUTORELEASING = YES;
				CLANG_WARN_BOOL_CONVERSION = YES;
				CLANG_WARN_COMMA = YES;
				CLANG_WARN_CONSTANT_CONVERSION = YES;
				CLANG_WARN_DEPRECATED_OBJC_IMPLEMENTATIONS = YES;
				CLANG_WARN_DIRECT_OBJC_ISA_USAGE = YES_ERROR;
				CLANG_WARN_DOCUMENTATION_COMMENTS = YES;
				CLANG_WARN_EMPTY_BODY = YES;
				CLANG_WARN_ENUM_CONVERSION = YES;
				CLANG_WARN_INFINITE_RECURSION = YES;
				CLANG_WARN_INT_CONVERSION = YES;
				CLANG_WARN_NON_LITERAL_NULL_CONVERSION = YES;
				CLANG_WARN_OBJC_IMPLICIT_RETAIN_SELF = YES;
				CLANG_WARN_OBJC_LITERAL_CONVERSION = YES;
				CLANG_WARN_OBJC_ROOT_CLASS = YES_ERROR;
				CLANG_WARN_QUOTED_INCLUDE_IN_FRAMEWORK_HEADER = YES;
				CLANG_WARN_RANGE_LOOP_ANALYSIS = YES;
				CLANG_WARN_STRICT_PROTOTYPES = YES;
				CLANG_WARN_SUSPICIOUS_MOVE = YES;
				CLANG_WARN_UNGUARDED_AVAILABILITY = YES_AGGRESSIVE;
				CLANG_WARN_UNREACHABLE_CODE = YES;
				CLANG_WARN__DUPLICATE_METHOD_MATCH = YES;
				COPY_PHASE_STRIP = NO;
				DEBUG_INFORMATION_FORMAT = "dwarf-with-dsym";
				ENABLE_NS_ASSERTIONS = NO;
				ENABLE_STRICT_OBJC_MSGSEND = YES;
				GCC_C_LANGUAGE_STANDARD = gnu11;
				GCC_NO_COMMON_BLOCKS = YES;
				GCC_WARN_64_TO_32_BIT_CONVERSION = YES;
				GCC_WARN_ABOUT_RETURN_TYPE = YES_ERROR;
				GCC_WARN_UNDECLARED_SELECTOR = YES;
				GCC_WARN_UNINITIALIZED_AUTOS = YES_AGGRESSIVE;
				GCC_WARN_UNUSED_FUNCTION = YES;
				GCC_WARN_UNUSED_VARIABLE = YES;
				IPHONEOS_DEPLOYMENT_TARGET = 9.0;
				MTL_ENABLE_DEBUG_INFO = NO;
				MTL_FAST_MATH = YES;
				SDKROOT = iphoneos;
				VALIDATE_PRODUCT = YES;
			};
			name = Release;
		};
		E2E2F439277EEBB0005F7644 /* Debug */ = {
			isa = XCBuildConfiguration;
			buildSettings = {
				ASSETCATALOG_COMPILER_APPICON_NAME = AppIcon;
				ASSETCATALOG_COMPILER_GLOBAL_ACCENT_COLOR_NAME = AccentColor;
				CODE_SIGN_IDENTITY = "Apple Development";
				CODE_SIGN_STYLE = Automatic;
				CURRENT_PROJECT_VERSION = 3;
				DEVELOPMENT_TEAM = NY2VV4UVY5;
				ENABLE_BITCODE = NO;
				FRAMEWORK_SEARCH_PATHS = (
					"$(inherited)",
					"$(PROJECT_DIR)/BallMachine/thirdSDK",
				);
				GCC_PRECOMPILE_PREFIX_HEADER = YES;
				GCC_PREFIX_HEADER = "$(SRCROOT)/BallMachine/BallMachine.pch";
				GENERATE_INFOPLIST_FILE = YES;
				INFOPLIST_FILE = BallMachine/Info.plist;
				INFOPLIST_KEY_CFBundleDisplayName = "Dana智能";
				INFOPLIST_KEY_NSBluetoothAlwaysUsageDescription = "普尚网球需要访问你的蓝牙权限传递数据您是否允许";
				INFOPLIST_KEY_NSBluetoothPeripheralUsageDescription = "普尚网球需要访问你的蓝牙权限传递数据您是否允许";
				INFOPLIST_KEY_UIApplicationSupportsIndirectInputEvents = YES;
				INFOPLIST_KEY_UILaunchStoryboardName = LaunchScreen;
				INFOPLIST_KEY_UIMainStoryboardFile = Main;
				INFOPLIST_KEY_UISupportedInterfaceOrientations_iPad = "UIInterfaceOrientationPortrait UIInterfaceOrientationPortraitUpsideDown UIInterfaceOrientationLandscapeLeft UIInterfaceOrientationLandscapeRight";
				INFOPLIST_KEY_UISupportedInterfaceOrientations_iPhone = "UIInterfaceOrientationPortrait UIInterfaceOrientationLandscapeLeft UIInterfaceOrientationLandscapeRight";
				IPHONEOS_DEPLOYMENT_TARGET = 9.0;
				LD_RUNPATH_SEARCH_PATHS = (
					"$(inherited)",
					"@executable_path/Frameworks",
				);
				MACH_O_TYPE = mh_execute;
				MARKETING_VERSION = 1.0.5;
				PRODUCT_BUNDLE_IDENTIFIER = com.csii.BallMachine;
				PRODUCT_NAME = "$(TARGET_NAME)";
				PROVISIONING_PROFILE_SPECIFIER = "";
				SWIFT_EMIT_LOC_STRINGS = YES;
				TARGETED_DEVICE_FAMILY = 1;
				VALIDATE_WORKSPACE = NO;
			};
			name = Debug;
		};
		E2E2F43A277EEBB0005F7644 /* Release */ = {
			isa = XCBuildConfiguration;
			buildSettings = {
				ASSETCATALOG_COMPILER_APPICON_NAME = AppIcon;
				ASSETCATALOG_COMPILER_GLOBAL_ACCENT_COLOR_NAME = AccentColor;
				CODE_SIGN_IDENTITY = "Apple Development";
				CODE_SIGN_STYLE = Automatic;
				CURRENT_PROJECT_VERSION = 3;
				DEVELOPMENT_TEAM = NY2VV4UVY5;
				ENABLE_BITCODE = NO;
				FRAMEWORK_SEARCH_PATHS = (
					"$(inherited)",
					"$(PROJECT_DIR)/BallMachine/thirdSDK",
				);
				GCC_PRECOMPILE_PREFIX_HEADER = YES;
				GCC_PREFIX_HEADER = "$(SRCROOT)/BallMachine/BallMachine.pch";
				GENERATE_INFOPLIST_FILE = YES;
				INFOPLIST_FILE = BallMachine/Info.plist;
				INFOPLIST_KEY_CFBundleDisplayName = "Dana智能";
				INFOPLIST_KEY_NSBluetoothAlwaysUsageDescription = "普尚网球需要访问你的蓝牙权限传递数据您是否允许";
				INFOPLIST_KEY_NSBluetoothPeripheralUsageDescription = "普尚网球需要访问你的蓝牙权限传递数据您是否允许";
				INFOPLIST_KEY_UIApplicationSupportsIndirectInputEvents = YES;
				INFOPLIST_KEY_UILaunchStoryboardName = LaunchScreen;
				INFOPLIST_KEY_UIMainStoryboardFile = Main;
				INFOPLIST_KEY_UISupportedInterfaceOrientations_iPad = "UIInterfaceOrientationPortrait UIInterfaceOrientationPortraitUpsideDown UIInterfaceOrientationLandscapeLeft UIInterfaceOrientationLandscapeRight";
				INFOPLIST_KEY_UISupportedInterfaceOrientations_iPhone = "UIInterfaceOrientationPortrait UIInterfaceOrientationLandscapeLeft UIInterfaceOrientationLandscapeRight";
				IPHONEOS_DEPLOYMENT_TARGET = 9.0;
				LD_RUNPATH_SEARCH_PATHS = (
					"$(inherited)",
					"@executable_path/Frameworks",
				);
				MACH_O_TYPE = mh_execute;
				MARKETING_VERSION = 1.0.5;
				PRODUCT_BUNDLE_IDENTIFIER = com.csii.BallMachine;
				PRODUCT_NAME = "$(TARGET_NAME)";
				PROVISIONING_PROFILE_SPECIFIER = "";
				SWIFT_EMIT_LOC_STRINGS = YES;
				TARGETED_DEVICE_FAMILY = 1;
				VALIDATE_WORKSPACE = NO;
			};
			name = Release;
		};
/* End XCBuildConfiguration section */

/* Begin XCConfigurationList section */
		E28CB964286ED2FB00453520 /* Build configuration list for PBXNativeTarget "nextSwiftUI (iOS)" */ = {
			isa = XCConfigurationList;
			buildConfigurations = (
				E28CB960286ED2FB00453520 /* Debug */,
				E28CB961286ED2FB00453520 /* Release */,
			);
			defaultConfigurationIsVisible = 0;
			defaultConfigurationName = Release;
		};
		E28CB965286ED2FB00453520 /* Build configuration list for PBXNativeTarget "nextSwiftUI (macOS)" */ = {
			isa = XCConfigurationList;
			buildConfigurations = (
				E28CB962286ED2FB00453520 /* Debug */,
				E28CB963286ED2FB00453520 /* Release */,
			);
			defaultConfigurationIsVisible = 0;
			defaultConfigurationName = Release;
		};
		E2E2F41A277EEBAF005F7644 /* Build configuration list for PBXProject "BallMachine" */ = {
			isa = XCConfigurationList;
			buildConfigurations = (
				E2E2F436277EEBB0005F7644 /* Debug */,
				E2E2F437277EEBB0005F7644 /* Release */,
			);
			defaultConfigurationIsVisible = 0;
			defaultConfigurationName = Release;
		};
		E2E2F438277EEBB0005F7644 /* Build configuration list for PBXNativeTarget "BallMachine" */ = {
			isa = XCConfigurationList;
			buildConfigurations = (
				E2E2F439277EEBB0005F7644 /* Debug */,
				E2E2F43A277EEBB0005F7644 /* Release */,
			);
			defaultConfigurationIsVisible = 0;
			defaultConfigurationName = Release;
		};
/* End XCConfigurationList section */
	};
	rootObject = E2E2F417277EEBAF005F7644 /* Project object */;
}
